
Microsoft Visual Studio Solution File, Format Version 12.00
# Visual Studio Version 16
VisualStudioVersion = 16.0.31205.134
MinimumVisualStudioVersion = 10.0.40219.1
Project("{9A19103F-16F7-4668-BE54-9A1E7A4F7556}") = "BLOGCORE.INFRASTRUCTURE.DATA.SqlServer", "BLOGCORE.INFRASTRUCTURE.DATA.SqlServer\BLOGCORE.INFRASTRUCTURE.DATA.SqlServer.csproj", "{46B594CC-658D-4023-B283-D7ED410133DA}"
EndProject
Project("{9A19103F-16F7-4668-BE54-9A1E7A4F7556}") = "BLOGCORE.INFRASTRUCTURE.DATA.Postgre", "BLOGCORE.INFRASTRUCTURE.DATA.Postgre\BLOGCORE.INFRASTRUCTURE.DATA.Postgre.csproj", "{FF51ABF4-FCAC-48F4-8410-AAA80401FA63}"
EndProject
Project("{9A19103F-16F7-4668-BE54-9A1E7A4F7556}") = "BLOGCORE.APPLICATION.Core", "BLOGCORE.APPLICATION.Core\BLOGCORE.APPLICATION.Core.csproj", "{FBF130BB-18D3-44D2-8E47-5B1BD91FE846}"
EndProject
Project("{9A19103F-16F7-4668-BE54-9A1E7A4F7556}") = "BLOGCORE.UI.Website", "BLOGCORE.UI.Website\BLOGCORE.UI.Website.csproj", "{BD8CE6B7-FAFA-4C5E-8B9C-68584D7CF268}"
EndProject
Project("{FAE04EC0-301F-11D3-BF4B-00C04F79EFBC}") = "BLOGCORE.INFRASTRUCTURE.DATA.Mysql", "BLOGCORE.INFRASTRUCTURE.DATA.Mysql\BLOGCORE.INFRASTRUCTURE.DATA.Mysql.csproj", "{1FAA08A5-BD8F-4C3A-86E2-1C12CEF522B2}"
EndProject
Project("{2150E333-8FDC-42A3-9474-1A3956D46DE8}") = "ApplicationCore", "ApplicationCore", "{F5B5CA6C-E03C-458C-9C7E-B5049FF8045A}"
EndProject
Project("{2150E333-8FDC-42A3-9474-1A3956D46DE8}") = "Infrastructure", "Infrastructure", "{5E409228-8855-47B2-BE0E-0340AC040667}"
EndProject
Project("{2150E333-8FDC-42A3-9474-1A3956D46DE8}") = "UI", "UI", "{D98232FA-B290-4620-9D07-EB6D88594DEE}"
EndProject
Global
	GlobalSection(SolutionConfigurationPlatforms) = preSolution
		Debug|Any CPU = Debug|Any CPU
		Release|Any CPU = Release|Any CPU
	EndGlobalSection
	GlobalSection(ProjectConfigurationPlatforms) = postSolution
		{46B594CC-658D-4023-B283-D7ED410133DA}.Debug|Any CPU.ActiveCfg = Debug|Any CPU
		{46B594CC-658D-4023-B283-D7ED410133DA}.Debug|Any CPU.Build.0 = Debug|Any CPU
		{46B594CC-658D-4023-B283-D7ED410133DA}.Release|Any CPU.ActiveCfg = Release|Any CPU
		{46B594CC-658D-4023-B283-D7ED410133DA}.Release|Any CPU.Build.0 = Release|Any CPU
		{FF51ABF4-FCAC-48F4-8410-AAA80401FA63}.Debug|Any CPU.ActiveCfg = Debug|Any CPU
		{FF51ABF4-FCAC-48F4-8410-AAA80401FA63}.Debug|Any CPU.Build.0 = Debug|Any CPU
		{FF51ABF4-FCAC-48F4-8410-AAA80401FA63}.Release|Any CPU.ActiveCfg = Release|Any CPU
		{FF51ABF4-FCAC-48F4-8410-AAA80401FA63}.Release|Any CPU.Build.0 = Release|Any CPU
		{FBF130BB-18D3-44D2-8E47-5B1BD91FE846}.Debug|Any CPU.ActiveCfg = Debug|Any CPU
		{FBF130BB-18D3-44D2-8E47-5B1BD91FE846}.Debug|Any CPU.Build.0 = Debug|Any CPU
		{FBF130BB-18D3-44D2-8E47-5B1BD91FE846}.Release|Any CPU.ActiveCfg = Release|Any CPU
		{FBF130BB-18D3-44D2-8E47-5B1BD91FE846}.Release|Any CPU.Build.0 = Release|Any CPU
		{BD8CE6B7-FAFA-4C5E-8B9C-68584D7CF268}.Debug|Any CPU.ActiveCfg = Debug|Any CPU
		{BD8CE6B7-FAFA-4C5E-8B9C-68584D7CF268}.Debug|Any CPU.Build.0 = Debug|Any CPU
		{BD8CE6B7-FAFA-4C5E-8B9C-68584D7CF268}.Release|Any CPU.ActiveCfg = Release|Any CPU
		{BD8CE6B7-FAFA-4C5E-8B9C-68584D7CF268}.Release|Any CPU.Build.0 = Release|Any CPU
		{1FAA08A5-BD8F-4C3A-86E2-1C12CEF522B2}.Debug|Any CPU.ActiveCfg = Debug|Any CPU
		{1FAA08A5-BD8F-4C3A-86E2-1C12CEF522B2}.Debug|Any CPU.Build.0 = Debug|Any CPU
		{1FAA08A5-BD8F-4C3A-86E2-1C12CEF522B2}.Release|Any CPU.ActiveCfg = Release|Any CPU
		{1FAA08A5-BD8F-4C3A-86E2-1C12CEF522B2}.Release|Any CPU.Build.0 = Release|Any CPU
	EndGlobalSection
	GlobalSection(SolutionProperties) = preSolution
		HideSolutionNode = FALSE
	EndGlobalSection
	GlobalSection(NestedProjects) = preSolution
		{46B594CC-658D-4023-B283-D7ED410133DA} = {5E409228-8855-47B2-BE0E-0340AC040667}
		{FF51ABF4-FCAC-48F4-8410-AAA80401FA63} = {5E409228-8855-47B2-BE0E-0340AC040667}
		{FBF130BB-18D3-44D2-8E47-5B1BD91FE846} = {F5B5CA6C-E03C-458C-9C7E-B5049FF8045A}
		{BD8CE6B7-FAFA-4C5E-8B9C-68584D7CF268} = {D98232FA-B290-4620-9D07-EB6D88594DEE}
		{1FAA08A5-BD8F-4C3A-86E2-1C12CEF522B2} = {5E409228-8855-47B2-BE0E-0340AC040667}
	EndGlobalSection
	GlobalSection(ExtensibilityGlobals) = postSolution
		SolutionGuid = {2E80E35D-DA06-47E5-9722-F78415A65507}
	EndGlobalSection
EndGlobal
